
Microsoft Visual Studio Solution File, Format Version 12.00
# Visual Studio Version 17
VisualStudioVersion = 17.4.33213.308
MinimumVisualStudioVersion = 10.0.40219.1
Project("{FAE04EC0-301F-11D3-BF4B-00C04F79EFBC}") = "WebApp", "WebApp\WebApp.csproj", "{3B75F4F2-3E99-45A1-9675-384AB9FE20E5}"
EndProject
Project("{FAE04EC0-301F-11D3-BF4B-00C04F79EFBC}") = "WebMVC", "WebMVC\WebMVC.csproj", "{AFCD05BF-D678-487B-AC9A-16B3751D55FD}"
EndProject
Project("{FAE04EC0-301F-11D3-BF4B-00C04F79EFBC}") = "WebMVC6", "WebMVC6\WebMVC6.csproj", "{819B44F4-520E-4871-B726-FA27A51D6E54}"
EndProject
Global
	GlobalSection(SolutionConfigurationPlatforms) = preSolution
		Debug|Any CPU = Debug|Any CPU
		Release|Any CPU = Release|Any CPU
	EndGlobalSection
	GlobalSection(ProjectConfigurationPlatforms) = postSolution
		{3B75F4F2-3E99-45A1-9675-384AB9FE20E5}.Debug|Any CPU.ActiveCfg = Debug|Any CPU
		{3B75F4F2-3E99-45A1-9675-384AB9FE20E5}.Debug|Any CPU.Build.0 = Debug|Any CPU
		{3B75F4F2-3E99-45A1-9675-384AB9FE20E5}.Release|Any CPU.ActiveCfg = Release|Any CPU
		{3B75F4F2-3E99-45A1-9675-384AB9FE20E5}.Release|Any CPU.Build.0 = Release|Any CPU
		{AFCD05BF-D678-487B-AC9A-16B3751D55FD}.Debug|Any CPU.ActiveCfg = Debug|Any CPU
		{AFCD05BF-D678-487B-AC9A-16B3751D55FD}.Debug|Any CPU.Build.0 = Debug|Any CPU
		{AFCD05BF-D678-487B-AC9A-16B3751D55FD}.Release|Any CPU.ActiveCfg = Release|Any CPU
		{AFCD05BF-D678-487B-AC9A-16B3751D55FD}.Release|Any CPU.Build.0 = Release|Any CPU
		{819B44F4-520E-4871-B726-FA27A51D6E54}.Debug|Any CPU.ActiveCfg = Debug|Any CPU
		{819B44F4-520E-4871-B726-FA27A51D6E54}.Debug|Any CPU.Build.0 = Debug|Any CPU
		{819B44F4-520E-4871-B726-FA27A51D6E54}.Release|Any CPU.ActiveCfg = Release|Any CPU
		{819B44F4-520E-4871-B726-FA27A51D6E54}.Release|Any CPU.Build.0 = Release|Any CPU
	EndGlobalSection
	GlobalSection(SolutionProperties) = preSolution
		HideSolutionNode = FALSE
	EndGlobalSection
	GlobalSection(ExtensibilityGlobals) = postSolution
		SolutionGuid = {F76F9104-FE0E-47A0-9CF8-537901C9E511}
	EndGlobalSection
EndGlobal
